
Microsoft Visual Studio Solution File, Format Version 12.00
# Visual Studio Version 16
VisualStudioVersion = 16.0.32413.511
MinimumVisualStudioVersion = 10.0.40219.1
Project("{FAE04EC0-301F-11D3-BF4B-00C04F79EFBC}") = "5dbHosp", "5dbHosp\5dbHosp.csproj", "{777A10EE-3465-4F6F-AAE6-6ADC9553146C}"
EndProject
Global
	GlobalSection(SolutionConfigurationPlatforms) = preSolution
		Debug|Any CPU = Debug|Any CPU
		Release|Any CPU = Release|Any CPU
	EndGlobalSection
	GlobalSection(ProjectConfigurationPlatforms) = postSolution
		{777A10EE-3465-4F6F-AAE6-6ADC9553146C}.Debug|Any CPU.ActiveCfg = Debug|Any CPU
		{777A10EE-3465-4F6F-AAE6-6ADC9553146C}.Debug|Any CPU.Build.0 = Debug|Any CPU
		{777A10EE-3465-4F6F-AAE6-6ADC9553146C}.Release|Any CPU.ActiveCfg = Release|Any CPU
		{777A10EE-3465-4F6F-AAE6-6ADC9553146C}.Release|Any CPU.Build.0 = Release|Any CPU
	EndGlobalSection
	GlobalSection(SolutionProperties) = preSolution
		HideSolutionNode = FALSE
	EndGlobalSection
	GlobalSection(ExtensibilityGlobals) = postSolution
		SolutionGuid = {14E65C6B-0045-4FD5-A9F1-C8B26A2EF1D0}
	EndGlobalSection
EndGlobal
